# THIS IS AN AUTOGENERATED FILE. DO NOT EDIT THIS FILE DIRECTLY.
# yarn lockfile v1


"@types/node@^15.6.0":
  version "15.6.0"
  resolved "https://registry.yarnpkg.com/@types/node/-/node-15.6.0.tgz#f0ddca5a61e52627c9dcb771a6039d44694597bc"
  integrity sha512-gCYSfQpy+LYhOFTKAeE8BkyGqaxmlFxe+n4DKM6DR0wzw/HISUE/hAmkC/KT8Sw5PCJblqg062b3z9gucv3k0A==

prettier@^2.3.0:
  version "2.3.0"
  resolved "https://registry.yarnpkg.com/prettier/-/prettier-2.3.0.tgz#b6a5bf1284026ae640f17f7ff5658a7567fc0d18"
  integrity sha512-kXtO4s0Lz/DW/IJ9QdWhAf7/NmPWQXkFr/r/WkR3vyI+0v8amTDxiaQSLzs8NBlytfLWX/7uQUMIW677yLKl4w==

typescript@^4.2.4:
  version "4.2.4"
  resolved "https://registry.yarnpkg.com/typescript/-/typescript-4.2.4.tgz#8610b59747de028fda898a8aef0e103f156d0961"
  integrity sha512-V+evlYHZnQkaz8TRBuxTA92yZBPotr5H+WhQ7bD3hZUndx5tGOa1fuCgeSjxAzM1RiN5IzvadIXTVefuuwZCRg==
